
Microsoft Visual Studio Solution File, Format Version 12.00
# Visual Studio Version 17
VisualStudioVersion = 17.3.32922.545
MinimumVisualStudioVersion = 10.0.40219.1
Project("{FAE04EC0-301F-11D3-BF4B-00C04F79EFBC}") = "ContractControl", "ContractControl\ContractControl.csproj", "{520656ED-854B-4E4D-95FA-6BC7B365B1F8}"
EndProject
Global
	GlobalSection(SolutionConfigurationPlatforms) = preSolution
		Debug|Any CPU = Debug|Any CPU
		Release|Any CPU = Release|Any CPU
	EndGlobalSection
	GlobalSection(ProjectConfigurationPlatforms) = postSolution
		{520656ED-854B-4E4D-95FA-6BC7B365B1F8}.Debug|Any CPU.ActiveCfg = Debug|Any CPU
		{520656ED-854B-4E4D-95FA-6BC7B365B1F8}.Debug|Any CPU.Build.0 = Debug|Any CPU
		{520656ED-854B-4E4D-95FA-6BC7B365B1F8}.Release|Any CPU.ActiveCfg = Release|Any CPU
		{520656ED-854B-4E4D-95FA-6BC7B365B1F8}.Release|Any CPU.Build.0 = Release|Any CPU
	EndGlobalSection
	GlobalSection(SolutionProperties) = preSolution
		HideSolutionNode = FALSE
	EndGlobalSection
	GlobalSection(ExtensibilityGlobals) = postSolution
		SolutionGuid = {332F3FB4-8F5A-4FB0-BD30-A39A117F45AA}
	EndGlobalSection
EndGlobal
